
Microsoft Visual Studio Solution File, Format Version 12.00
# Visual Studio Version 16
VisualStudioVersion = 16.0.29613.14
MinimumVisualStudioVersion = 10.0.40219.1
Project("{FAE04EC0-301F-11D3-BF4B-00C04F79EFBC}") = "Xamarin.Lab.PrismLifecycle", "Xamarin.Lab.PrismLifecycle\Xamarin.Lab.PrismLifecycle\Xamarin.Lab.PrismLifecycle.csproj", "{41B0D1CE-700B-4B66-9010-8AECCF477A01}"
EndProject
Project("{FAE04EC0-301F-11D3-BF4B-00C04F79EFBC}") = "Xamarin.Lab.PrismLifecycle.Android", "Xamarin.Lab.PrismLifecycle\Xamarin.Lab.PrismLifecycle.Android\Xamarin.Lab.PrismLifecycle.Android.csproj", "{0A099094-873C-46AC-9B5B-45E913AAB5DD}"
EndProject
Project("{FAE04EC0-301F-11D3-BF4B-00C04F79EFBC}") = "Xamarin.Lab.PrismLifecycle.iOS", "Xamarin.Lab.PrismLifecycle\Xamarin.Lab.PrismLifecycle.iOS\Xamarin.Lab.PrismLifecycle.iOS.csproj", "{07F8AE9A-5B6C-4A29-B45D-C2D73F929931}"
EndProject
Global
	GlobalSection(SolutionConfigurationPlatforms) = preSolution
		Ad-Hoc|Any CPU = Ad-Hoc|Any CPU
		Ad-Hoc|iPhone = Ad-Hoc|iPhone
		Ad-Hoc|iPhoneSimulator = Ad-Hoc|iPhoneSimulator
		AppStore|Any CPU = AppStore|Any CPU
		AppStore|iPhone = AppStore|iPhone
		AppStore|iPhoneSimulator = AppStore|iPhoneSimulator
		Debug|Any CPU = Debug|Any CPU
		Debug|iPhone = Debug|iPhone
		Debug|iPhoneSimulator = Debug|iPhoneSimulator
		Release|Any CPU = Release|Any CPU
		Release|iPhone = Release|iPhone
		Release|iPhoneSimulator = Release|iPhoneSimulator
	EndGlobalSection
	GlobalSection(ProjectConfigurationPlatforms) = postSolution
		{41B0D1CE-700B-4B66-9010-8AECCF477A01}.Ad-Hoc|Any CPU.ActiveCfg = Debug|Any CPU
		{41B0D1CE-700B-4B66-9010-8AECCF477A01}.Ad-Hoc|Any CPU.Build.0 = Debug|Any CPU
		{41B0D1CE-700B-4B66-9010-8AECCF477A01}.Ad-Hoc|iPhone.ActiveCfg = Debug|Any CPU
		{41B0D1CE-700B-4B66-9010-8AECCF477A01}.Ad-Hoc|iPhone.Build.0 = Debug|Any CPU
		{41B0D1CE-700B-4B66-9010-8AECCF477A01}.Ad-Hoc|iPhoneSimulator.ActiveCfg = Debug|Any CPU
		{41B0D1CE-700B-4B66-9010-8AECCF477A01}.Ad-Hoc|iPhoneSimulator.Build.0 = Debug|Any CPU
		{41B0D1CE-700B-4B66-9010-8AECCF477A01}.AppStore|Any CPU.ActiveCfg = Debug|Any CPU
		{41B0D1CE-700B-4B66-9010-8AECCF477A01}.AppStore|Any CPU.Build.0 = Debug|Any CPU
		{41B0D1CE-700B-4B66-9010-8AECCF477A01}.AppStore|iPhone.ActiveCfg = Debug|Any CPU
		{41B0D1CE-700B-4B66-9010-8AECCF477A01}.AppStore|iPhone.Build.0 = Debug|Any CPU
		{41B0D1CE-700B-4B66-9010-8AECCF477A01}.AppStore|iPhoneSimulator.ActiveCfg = Debug|Any CPU
		{41B0D1CE-700B-4B66-9010-8AECCF477A01}.AppStore|iPhoneSimulator.Build.0 = Debug|Any CPU
		{41B0D1CE-700B-4B66-9010-8AECCF477A01}.Debug|Any CPU.ActiveCfg = Debug|Any CPU
		{41B0D1CE-700B-4B66-9010-8AECCF477A01}.Debug|Any CPU.Build.0 = Debug|Any CPU
		{41B0D1CE-700B-4B66-9010-8AECCF477A01}.Debug|iPhone.ActiveCfg = Debug|Any CPU
		{41B0D1CE-700B-4B66-9010-8AECCF477A01}.Debug|iPhone.Build.0 = Debug|Any CPU
		{41B0D1CE-700B-4B66-9010-8AECCF477A01}.Debug|iPhoneSimulator.ActiveCfg = Debug|Any CPU
		{41B0D1CE-700B-4B66-9010-8AECCF477A01}.Debug|iPhoneSimulator.Build.0 = Debug|Any CPU
		{41B0D1CE-700B-4B66-9010-8AECCF477A01}.Release|Any CPU.ActiveCfg = Release|Any CPU
		{41B0D1CE-700B-4B66-9010-8AECCF477A01}.Release|Any CPU.Build.0 = Release|Any CPU
		{41B0D1CE-700B-4B66-9010-8AECCF477A01}.Release|iPhone.ActiveCfg = Release|Any CPU
		{41B0D1CE-700B-4B66-9010-8AECCF477A01}.Release|iPhone.Build.0 = Release|Any CPU
		{41B0D1CE-700B-4B66-9010-8AECCF477A01}.Release|iPhoneSimulator.ActiveCfg = Release|Any CPU
		{41B0D1CE-700B-4B66-9010-8AECCF477A01}.Release|iPhoneSimulator.Build.0 = Release|Any CPU
		{0A099094-873C-46AC-9B5B-45E913AAB5DD}.Ad-Hoc|Any CPU.ActiveCfg = Release|Any CPU
		{0A099094-873C-46AC-9B5B-45E913AAB5DD}.Ad-Hoc|Any CPU.Build.0 = Release|Any CPU
		{0A099094-873C-46AC-9B5B-45E913AAB5DD}.Ad-Hoc|Any CPU.Deploy.0 = Release|Any CPU
		{0A099094-873C-46AC-9B5B-45E913AAB5DD}.Ad-Hoc|iPhone.ActiveCfg = Release|Any CPU
		{0A099094-873C-46AC-9B5B-45E913AAB5DD}.Ad-Hoc|iPhone.Build.0 = Release|Any CPU
		{0A099094-873C-46AC-9B5B-45E913AAB5DD}.Ad-Hoc|iPhone.Deploy.0 = Release|Any CPU
		{0A099094-873C-46AC-9B5B-45E913AAB5DD}.Ad-Hoc|iPhoneSimulator.ActiveCfg = Release|Any CPU
		{0A099094-873C-46AC-9B5B-45E913AAB5DD}.Ad-Hoc|iPhoneSimulator.Build.0 = Release|Any CPU
		{0A099094-873C-46AC-9B5B-45E913AAB5DD}.Ad-Hoc|iPhoneSimulator.Deploy.0 = Release|Any CPU
		{0A099094-873C-46AC-9B5B-45E913AAB5DD}.AppStore|Any CPU.ActiveCfg = Release|Any CPU
		{0A099094-873C-46AC-9B5B-45E913AAB5DD}.AppStore|Any CPU.Build.0 = Release|Any CPU
		{0A099094-873C-46AC-9B5B-45E913AAB5DD}.AppStore|Any CPU.Deploy.0 = Release|Any CPU
		{0A099094-873C-46AC-9B5B-45E913AAB5DD}.AppStore|iPhone.ActiveCfg = Release|Any CPU
		{0A099094-873C-46AC-9B5B-45E913AAB5DD}.AppStore|iPhone.Build.0 = Release|Any CPU
		{0A099094-873C-46AC-9B5B-45E913AAB5DD}.AppStore|iPhone.Deploy.0 = Release|Any CPU
		{0A099094-873C-46AC-9B5B-45E913AAB5DD}.AppStore|iPhoneSimulator.ActiveCfg = Release|Any CPU
		{0A099094-873C-46AC-9B5B-45E913AAB5DD}.AppStore|iPhoneSimulator.Build.0 = Release|Any CPU
		{0A099094-873C-46AC-9B5B-45E913AAB5DD}.AppStore|iPhoneSimulator.Deploy.0 = Release|Any CPU
		{0A099094-873C-46AC-9B5B-45E913AAB5DD}.Debug|Any CPU.ActiveCfg = Debug|Any CPU
		{0A099094-873C-46AC-9B5B-45E913AAB5DD}.Debug|Any CPU.Build.0 = Debug|Any CPU
		{0A099094-873C-46AC-9B5B-45E913AAB5DD}.Debug|Any CPU.Deploy.0 = Debug|Any CPU
		{0A099094-873C-46AC-9B5B-45E913AAB5DD}.Debug|iPhone.ActiveCfg = Debug|Any CPU
		{0A099094-873C-46AC-9B5B-45E913AAB5DD}.Debug|iPhone.Build.0 = Debug|Any CPU
		{0A099094-873C-46AC-9B5B-45E913AAB5DD}.Debug|iPhone.Deploy.0 = Debug|Any CPU
		{0A099094-873C-46AC-9B5B-45E913AAB5DD}.Debug|iPhoneSimulator.ActiveCfg = Debug|Any CPU
		{0A099094-873C-46AC-9B5B-45E913AAB5DD}.Debug|iPhoneSimulator.Build.0 = Debug|Any CPU
		{0A099094-873C-46AC-9B5B-45E913AAB5DD}.Debug|iPhoneSimulator.Deploy.0 = Debug|Any CPU
		{0A099094-873C-46AC-9B5B-45E913AAB5DD}.Release|Any CPU.ActiveCfg = Release|Any CPU
		{0A099094-873C-46AC-9B5B-45E913AAB5DD}.Release|Any CPU.Build.0 = Release|Any CPU
		{0A099094-873C-46AC-9B5B-45E913AAB5DD}.Release|Any CPU.Deploy.0 = Release|Any CPU
		{0A099094-873C-46AC-9B5B-45E913AAB5DD}.Release|iPhone.ActiveCfg = Release|Any CPU
		{0A099094-873C-46AC-9B5B-45E913AAB5DD}.Release|iPhone.Build.0 = Release|Any CPU
		{0A099094-873C-46AC-9B5B-45E913AAB5DD}.Release|iPhone.Deploy.0 = Release|Any CPU
		{0A099094-873C-46AC-9B5B-45E913AAB5DD}.Release|iPhoneSimulator.ActiveCfg = Release|Any CPU
		{0A099094-873C-46AC-9B5B-45E913AAB5DD}.Release|iPhoneSimulator.Build.0 = Release|Any CPU
		{0A099094-873C-46AC-9B5B-45E913AAB5DD}.Release|iPhoneSimulator.Deploy.0 = Release|Any CPU
		{07F8AE9A-5B6C-4A29-B45D-C2D73F929931}.Ad-Hoc|Any CPU.ActiveCfg = Ad-Hoc|iPhone
		{07F8AE9A-5B6C-4A29-B45D-C2D73F929931}.Ad-Hoc|iPhone.ActiveCfg = Ad-Hoc|iPhone
		{07F8AE9A-5B6C-4A29-B45D-C2D73F929931}.Ad-Hoc|iPhone.Build.0 = Ad-Hoc|iPhone
		{07F8AE9A-5B6C-4A29-B45D-C2D73F929931}.Ad-Hoc|iPhoneSimulator.ActiveCfg = Ad-Hoc|iPhoneSimulator
		{07F8AE9A-5B6C-4A29-B45D-C2D73F929931}.Ad-Hoc|iPhoneSimulator.Build.0 = Ad-Hoc|iPhoneSimulator
		{07F8AE9A-5B6C-4A29-B45D-C2D73F929931}.AppStore|Any CPU.ActiveCfg = AppStore|iPhone
		{07F8AE9A-5B6C-4A29-B45D-C2D73F929931}.AppStore|iPhone.ActiveCfg = AppStore|iPhone
		{07F8AE9A-5B6C-4A29-B45D-C2D73F929931}.AppStore|iPhone.Build.0 = AppStore|iPhone
		{07F8AE9A-5B6C-4A29-B45D-C2D73F929931}.AppStore|iPhoneSimulator.ActiveCfg = AppStore|iPhoneSimulator
		{07F8AE9A-5B6C-4A29-B45D-C2D73F929931}.AppStore|iPhoneSimulator.Build.0 = AppStore|iPhoneSimulator
		{07F8AE9A-5B6C-4A29-B45D-C2D73F929931}.Debug|Any CPU.ActiveCfg = Debug|iPhone
		{07F8AE9A-5B6C-4A29-B45D-C2D73F929931}.Debug|iPhone.ActiveCfg = Debug|iPhone
		{07F8AE9A-5B6C-4A29-B45D-C2D73F929931}.Debug|iPhone.Build.0 = Debug|iPhone
		{07F8AE9A-5B6C-4A29-B45D-C2D73F929931}.Debug|iPhoneSimulator.ActiveCfg = Debug|iPhoneSimulator
		{07F8AE9A-5B6C-4A29-B45D-C2D73F929931}.Debug|iPhoneSimulator.Build.0 = Debug|iPhoneSimulator
		{07F8AE9A-5B6C-4A29-B45D-C2D73F929931}.Release|Any CPU.ActiveCfg = Release|iPhone
		{07F8AE9A-5B6C-4A29-B45D-C2D73F929931}.Release|iPhone.ActiveCfg = Release|iPhone
		{07F8AE9A-5B6C-4A29-B45D-C2D73F929931}.Release|iPhone.Build.0 = Release|iPhone
		{07F8AE9A-5B6C-4A29-B45D-C2D73F929931}.Release|iPhoneSimulator.ActiveCfg = Release|iPhoneSimulator
		{07F8AE9A-5B6C-4A29-B45D-C2D73F929931}.Release|iPhoneSimulator.Build.0 = Release|iPhoneSimulator
	EndGlobalSection
	GlobalSection(SolutionProperties) = preSolution
		HideSolutionNode = FALSE
	EndGlobalSection
	GlobalSection(ExtensibilityGlobals) = postSolution
		SolutionGuid = {D37F85C1-0F2C-4300-A338-D916DF827F29}
	EndGlobalSection
EndGlobal
